
Microsoft Visual Studio Solution File, Format Version 12.00
# Visual Studio Version 16
VisualStudioVersion = 16.0.31729.503
MinimumVisualStudioVersion = 10.0.40219.1
Project("{8BC9CEB8-8B4A-11D0-8D11-00A0C91BC942}") = "Lesson_1.8", "Lesson_1.8.vcxproj", "{985E9101-7B9D-49BF-8141-E0024AF93272}"
EndProject
Global
	GlobalSection(SolutionConfigurationPlatforms) = preSolution
		Debug|x64 = Debug|x64
		Debug|x86 = Debug|x86
		Release|x64 = Release|x64
		Release|x86 = Release|x86
	EndGlobalSection
	GlobalSection(ProjectConfigurationPlatforms) = postSolution
		{985E9101-7B9D-49BF-8141-E0024AF93272}.Debug|x64.ActiveCfg = Debug|x64
		{985E9101-7B9D-49BF-8141-E0024AF93272}.Debug|x64.Build.0 = Debug|x64
		{985E9101-7B9D-49BF-8141-E0024AF93272}.Debug|x86.ActiveCfg = Debug|Win32
		{985E9101-7B9D-49BF-8141-E0024AF93272}.Debug|x86.Build.0 = Debug|Win32
		{985E9101-7B9D-49BF-8141-E0024AF93272}.Release|x64.ActiveCfg = Release|x64
		{985E9101-7B9D-49BF-8141-E0024AF93272}.Release|x64.Build.0 = Release|x64
		{985E9101-7B9D-49BF-8141-E0024AF93272}.Release|x86.ActiveCfg = Release|Win32
		{985E9101-7B9D-49BF-8141-E0024AF93272}.Release|x86.Build.0 = Release|Win32
	EndGlobalSection
	GlobalSection(SolutionProperties) = preSolution
		HideSolutionNode = FALSE
	EndGlobalSection
	GlobalSection(ExtensibilityGlobals) = postSolution
		SolutionGuid = {0AFE5D09-6177-4951-AA04-8D1DABC32D33}
	EndGlobalSection
EndGlobal
