
Microsoft Visual Studio Solution File, Format Version 12.00
# Visual Studio Version 16
VisualStudioVersion = 16.0.31410.357
MinimumVisualStudioVersion = 10.0.40219.1
Project("{8BC9CEB8-8B4A-11D0-8D11-00A0C91BC942}") = "Matrix_Multiple_Thread", "Matrix_Multiple_Thread.vcxproj", "{CCF0CD89-BBD7-42A9-9B7A-FF37595C806E}"
EndProject
Global
	GlobalSection(SolutionConfigurationPlatforms) = preSolution
		Debug|x64 = Debug|x64
		Debug|x86 = Debug|x86
		Release|x64 = Release|x64
		Release|x86 = Release|x86
	EndGlobalSection
	GlobalSection(ProjectConfigurationPlatforms) = postSolution
		{CCF0CD89-BBD7-42A9-9B7A-FF37595C806E}.Debug|x64.ActiveCfg = Debug|x64
		{CCF0CD89-BBD7-42A9-9B7A-FF37595C806E}.Debug|x64.Build.0 = Debug|x64
		{CCF0CD89-BBD7-42A9-9B7A-FF37595C806E}.Debug|x86.ActiveCfg = Debug|Win32
		{CCF0CD89-BBD7-42A9-9B7A-FF37595C806E}.Debug|x86.Build.0 = Debug|Win32
		{CCF0CD89-BBD7-42A9-9B7A-FF37595C806E}.Release|x64.ActiveCfg = Release|x64
		{CCF0CD89-BBD7-42A9-9B7A-FF37595C806E}.Release|x64.Build.0 = Release|x64
		{CCF0CD89-BBD7-42A9-9B7A-FF37595C806E}.Release|x86.ActiveCfg = Release|Win32
		{CCF0CD89-BBD7-42A9-9B7A-FF37595C806E}.Release|x86.Build.0 = Release|Win32
	EndGlobalSection
	GlobalSection(SolutionProperties) = preSolution
		HideSolutionNode = FALSE
	EndGlobalSection
	GlobalSection(ExtensibilityGlobals) = postSolution
		SolutionGuid = {F265A876-F086-4C23-84F2-AC29597AD28F}
	EndGlobalSection
EndGlobal
